
Microsoft Visual Studio Solution File, Format Version 12.00
# Visual Studio Version 16
VisualStudioVersion = 16.0.29905.134
MinimumVisualStudioVersion = 10.0.40219.1
Project("{FAE04EC0-301F-11D3-BF4B-00C04F79EFBC}") = "TgenSerializer", "TgenSerializer\TgenSerializer.csproj", "{0902C51A-DF9D-4908-911E-5D74518D29BC}"
EndProject
Global
	GlobalSection(SolutionConfigurationPlatforms) = preSolution
		Debug|Any CPU = Debug|Any CPU
		Release|Any CPU = Release|Any CPU
	EndGlobalSection
	GlobalSection(ProjectConfigurationPlatforms) = postSolution
		{0902C51A-DF9D-4908-911E-5D74518D29BC}.Debug|Any CPU.ActiveCfg = Debug|Any CPU
		{0902C51A-DF9D-4908-911E-5D74518D29BC}.Debug|Any CPU.Build.0 = Debug|Any CPU
		{0902C51A-DF9D-4908-911E-5D74518D29BC}.Release|Any CPU.ActiveCfg = Release|Any CPU
		{0902C51A-DF9D-4908-911E-5D74518D29BC}.Release|Any CPU.Build.0 = Release|Any CPU
	EndGlobalSection
	GlobalSection(SolutionProperties) = preSolution
		HideSolutionNode = FALSE
	EndGlobalSection
	GlobalSection(ExtensibilityGlobals) = postSolution
		SolutionGuid = {3AD56867-9DC7-4CE2-8688-EE656971C469}
	EndGlobalSection
EndGlobal
